// !$*UTF8*$!
{
	archiveVersion = 1;
	classes = {
	};
	objectVersion = 55;
	objects = {

/* Begin PBXBuildFile section */
		A0755019280676D400E5A8D0 /* LandmarksApp.swift in Sources */ = {isa = PBXBuildFile; fileRef = A0755018280676D400E5A8D0 /* LandmarksApp.swift */; };
		A075501B280676D400E5A8D0 /* ContentView.swift in Sources */ = {isa = PBXBuildFile; fileRef = A075501A280676D400E5A8D0 /* ContentView.swift */; };
		A075501D280676D500E5A8D0 /* Assets.xcassets in Resources */ = {isa = PBXBuildFile; fileRef = A075501C280676D500E5A8D0 /* Assets.xcassets */; };
		A0755020280676D500E5A8D0 /* Preview Assets.xcassets in Resources */ = {isa = PBXBuildFile; fileRef = A075501F280676D500E5A8D0 /* Preview Assets.xcassets */; };
		A075502728067AF300E5A8D0 /* CircleImage.swift in Sources */ = {isa = PBXBuildFile; fileRef = A075502628067AF300E5A8D0 /* CircleImage.swift */; };
		A075502928067CDF00E5A8D0 /* MapView.swift in Sources */ = {isa = PBXBuildFile; fileRef = A075502828067CDF00E5A8D0 /* MapView.swift */; };
		A075502B280685E700E5A8D0 /* landmarkData.json in Resources */ = {isa = PBXBuildFile; fileRef = A075502A280685E700E5A8D0 /* landmarkData.json */; };
		A075502D280685FD00E5A8D0 /* Landmark.swift in Sources */ = {isa = PBXBuildFile; fileRef = A075502C280685FD00E5A8D0 /* Landmark.swift */; };
		A07550302806883800E5A8D0 /* ModelData.swift in Sources */ = {isa = PBXBuildFile; fileRef = A075502F2806883800E5A8D0 /* ModelData.swift */; };
		A07550352806896800E5A8D0 /* LandmarkRow.swift in Sources */ = {isa = PBXBuildFile; fileRef = A07550342806896800E5A8D0 /* LandmarkRow.swift */; };
		A075503728068B2C00E5A8D0 /* LandmarkList.swift in Sources */ = {isa = PBXBuildFile; fileRef = A075503628068B2C00E5A8D0 /* LandmarkList.swift */; };
		A075503928068D8B00E5A8D0 /* LandmarkDetail.swift in Sources */ = {isa = PBXBuildFile; fileRef = A075503828068D8B00E5A8D0 /* LandmarkDetail.swift */; };
		A0D634272807FB870056796B /* FavoriteButton.swift in Sources */ = {isa = PBXBuildFile; fileRef = A0D634262807FB870056796B /* FavoriteButton.swift */; };
		A0D6342B280803980056796B /* SwiftUIView.swift in Sources */ = {isa = PBXBuildFile; fileRef = A0D6342A280803980056796B /* SwiftUIView.swift */; };
/* End PBXBuildFile section */

/* Begin PBXFileReference section */
		A0755015280676D400E5A8D0 /* Landmarks.app */ = {isa = PBXFileReference; explicitFileType = wrapper.application; includeInIndex = 0; path = Landmarks.app; sourceTree = BUILT_PRODUCTS_DIR; };
		A0755018280676D400E5A8D0 /* LandmarksApp.swift */ = {isa = PBXFileReference; lastKnownFileType = sourcecode.swift; path = LandmarksApp.swift; sourceTree = "<group>"; };
		A075501A280676D400E5A8D0 /* ContentView.swift */ = {isa = PBXFileReference; lastKnownFileType = sourcecode.swift; path = ContentView.swift; sourceTree = "<group>"; };
		A075501C280676D500E5A8D0 /* Assets.xcassets */ = {isa = PBXFileReference; lastKnownFileType = folder.assetcatalog; path = Assets.xcassets; sourceTree = "<group>"; };
		A075501F280676D500E5A8D0 /* Preview Assets.xcassets */ = {isa = PBXFileReference; lastKnownFileType = folder.assetcatalog; path = "Preview Assets.xcassets"; sourceTree = "<group>"; };
		A075502628067AF300E5A8D0 /* CircleImage.swift */ = {isa = PBXFileReference; lastKnownFileType = sourcecode.swift; path = CircleImage.swift; sourceTree = "<group>"; };
		A075502828067CDF00E5A8D0 /* MapView.swift */ = {isa = PBXFileReference; lastKnownFileType = sourcecode.swift; path = MapView.swift; sourceTree = "<group>"; };
		A075502A280685E700E5A8D0 /* landmarkData.json */ = {isa = PBXFileReference; fileEncoding = 4; lastKnownFileType = text.json; path = landmarkData.json; sourceTree = "<group>"; };
		A075502C280685FD00E5A8D0 /* Landmark.swift */ = {isa = PBXFileReference; lastKnownFileType = sourcecode.swift; path = Landmark.swift; sourceTree = "<group>"; };
		A075502F2806883800E5A8D0 /* ModelData.swift */ = {isa = PBXFileReference; lastKnownFileType = sourcecode.swift; path = ModelData.swift; sourceTree = "<group>"; };
		A07550342806896800E5A8D0 /* LandmarkRow.swift */ = {isa = PBXFileReference; lastKnownFileType = sourcecode.swift; path = LandmarkRow.swift; sourceTree = "<group>"; };
		A075503628068B2C00E5A8D0 /* LandmarkList.swift */ = {isa = PBXFileReference; lastKnownFileType = sourcecode.swift; path = LandmarkList.swift; sourceTree = "<group>"; };
		A075503828068D8B00E5A8D0 /* LandmarkDetail.swift */ = {isa = PBXFileReference; lastKnownFileType = sourcecode.swift; path = LandmarkDetail.swift; sourceTree = "<group>"; };
		A0D634262807FB870056796B /* FavoriteButton.swift */ = {isa = PBXFileReference; lastKnownFileType = sourcecode.swift; path = FavoriteButton.swift; sourceTree = "<group>"; };
		A0D6342A280803980056796B /* SwiftUIView.swift */ = {isa = PBXFileReference; lastKnownFileType = sourcecode.swift; path = SwiftUIView.swift; sourceTree = "<group>"; };
/* End PBXFileReference section */

/* Begin PBXFrameworksBuildPhase section */
		A0755012280676D400E5A8D0 /* Frameworks */ = {
			isa = PBXFrameworksBuildPhase;
			buildActionMask = 2147483647;
			files = (
			);
			runOnlyForDeploymentPostprocessing = 0;
		};
/* End PBXFrameworksBuildPhase section */

/* Begin PBXGroup section */
		A075500C280676D400E5A8D0 = {
			isa = PBXGroup;
			children = (
				A0755017280676D400E5A8D0 /* Landmarks */,
				A0755016280676D400E5A8D0 /* Products */,
			);
			sourceTree = "<group>";
		};
		A0755016280676D400E5A8D0 /* Products */ = {
			isa = PBXGroup;
			children = (
				A0755015280676D400E5A8D0 /* Landmarks.app */,
			);
			name = Products;
			sourceTree = "<group>";
		};
		A0755017280676D400E5A8D0 /* Landmarks */ = {
			isa = PBXGroup;
			children = (
				A0755018280676D400E5A8D0 /* LandmarksApp.swift */,
				A07550312806891500E5A8D0 /* Scenes */,
				A075502E2806860000E5A8D0 /* Model */,
				A075501C280676D500E5A8D0 /* Assets.xcassets */,
				A075501E280676D500E5A8D0 /* Preview Content */,
			);
			path = Landmarks;
			sourceTree = "<group>";
		};
		A075501E280676D500E5A8D0 /* Preview Content */ = {
			isa = PBXGroup;
			children = (
				A075501F280676D500E5A8D0 /* Preview Assets.xcassets */,
			);
			path = "Preview Content";
			sourceTree = "<group>";
		};
		A075502E2806860000E5A8D0 /* Model */ = {
			isa = PBXGroup;
			children = (
				A075502C280685FD00E5A8D0 /* Landmark.swift */,
				A075502F2806883800E5A8D0 /* ModelData.swift */,
				A075502A280685E700E5A8D0 /* landmarkData.json */,
			);
			path = Model;
			sourceTree = "<group>";
		};
		A07550312806891500E5A8D0 /* Scenes */ = {
			isa = PBXGroup;
			children = (
				A075501A280676D400E5A8D0 /* ContentView.swift */,
				A0D634282807FC980056796B /* Landmarks */,
				A0D634292807FCA80056796B /* Helpers */,
			);
			path = Scenes;
			sourceTree = "<group>";
		};
		A0D634282807FC980056796B /* Landmarks */ = {
			isa = PBXGroup;
			children = (
				A075503628068B2C00E5A8D0 /* LandmarkList.swift */,
				A07550342806896800E5A8D0 /* LandmarkRow.swift */,
				A075503828068D8B00E5A8D0 /* LandmarkDetail.swift */,
				A0D6342A280803980056796B /* SwiftUIView.swift */,
			);
			path = Landmarks;
			sourceTree = "<group>";
		};
		A0D634292807FCA80056796B /* Helpers */ = {
			isa = PBXGroup;
			children = (
				A075502628067AF300E5A8D0 /* CircleImage.swift */,
				A075502828067CDF00E5A8D0 /* MapView.swift */,
				A0D634262807FB870056796B /* FavoriteButton.swift */,
			);
			path = Helpers;
			sourceTree = "<group>";
		};
/* End PBXGroup section */

/* Begin PBXNativeTarget section */
		A0755014280676D400E5A8D0 /* Landmarks */ = {
			isa = PBXNativeTarget;
			buildConfigurationList = A0755023280676D500E5A8D0 /* Build configuration list for PBXNativeTarget "Landmarks" */;
			buildPhases = (
				A0755011280676D400E5A8D0 /* Sources */,
				A0755012280676D400E5A8D0 /* Frameworks */,
				A0755013280676D400E5A8D0 /* Resources */,
			);
			buildRules = (
			);
			dependencies = (
			);
			name = Landmarks;
			productName = Landmarks;
			productReference = A0755015280676D400E5A8D0 /* Landmarks.app */;
			productType = "com.apple.product-type.application";
		};
/* End PBXNativeTarget section */

/* Begin PBXProject section */
		A075500D280676D400E5A8D0 /* Project object */ = {
			isa = PBXProject;
			attributes = {
				BuildIndependentTargetsInParallel = 1;
				LastSwiftUpdateCheck = 1330;
				LastUpgradeCheck = 1330;
				TargetAttributes = {
					A0755014280676D400E5A8D0 = {
						CreatedOnToolsVersion = 13.3;
					};
				};
			};
			buildConfigurationList = A0755010280676D400E5A8D0 /* Build configuration list for PBXProject "Landmarks" */;
			compatibilityVersion = "Xcode 13.0";
			developmentRegion = en;
			hasScannedForEncodings = 0;
			knownRegions = (
				en,
				Base,
			);
			mainGroup = A075500C280676D400E5A8D0;
			productRefGroup = A0755016280676D400E5A8D0 /* Products */;
			projectDirPath = "";
			projectRoot = "";
			targets = (
				A0755014280676D400E5A8D0 /* Landmarks */,
			);
		};
/* End PBXProject section */

/* Begin PBXResourcesBuildPhase section */
		A0755013280676D400E5A8D0 /* Resources */ = {
			isa = PBXResourcesBuildPhase;
			buildActionMask = 2147483647;
			files = (
				A0755020280676D500E5A8D0 /* Preview Assets.xcassets in Resources */,
				A075501D280676D500E5A8D0 /* Assets.xcassets in Resources */,
				A075502B280685E700E5A8D0 /* landmarkData.json in Resources */,
			);
			runOnlyForDeploymentPostprocessing = 0;
		};
/* End PBXResourcesBuildPhase section */

/* Begin PBXSourcesBuildPhase section */
		A0755011280676D400E5A8D0 /* Sources */ = {
			isa = PBXSourcesBuildPhase;
			buildActionMask = 2147483647;
			files = (
				A075501B280676D400E5A8D0 /* ContentView.swift in Sources */,
				A075502928067CDF00E5A8D0 /* MapView.swift in Sources */,
				A0D6342B280803980056796B /* SwiftUIView.swift in Sources */,
				A0755019280676D400E5A8D0 /* LandmarksApp.swift in Sources */,
				A0D634272807FB870056796B /* FavoriteButton.swift in Sources */,
				A075503728068B2C00E5A8D0 /* LandmarkList.swift in Sources */,
				A075503928068D8B00E5A8D0 /* LandmarkDetail.swift in Sources */,
				A075502728067AF300E5A8D0 /* CircleImage.swift in Sources */,
				A075502D280685FD00E5A8D0 /* Landmark.swift in Sources */,
				A07550352806896800E5A8D0 /* LandmarkRow.swift in Sources */,
				A07550302806883800E5A8D0 /* ModelData.swift in Sources */,
			);
			runOnlyForDeploymentPostprocessing = 0;
		};
/* End PBXSourcesBuildPhase section */

/* Begin XCBuildConfiguration section */
		A0755021280676D500E5A8D0 /* Debug */ = {
			isa = XCBuildConfiguration;
			buildSettings = {
				ALWAYS_SEARCH_USER_PATHS = NO;
				CLANG_ANALYZER_NONNULL = YES;
				CLANG_ANALYZER_NUMBER_OBJECT_CONVERSION = YES_AGGRESSIVE;
				CLANG_CXX_LANGUAGE_STANDARD = "gnu++17";
				CLANG_ENABLE_MODULES = YES;
				CLANG_ENABLE_OBJC_ARC = YES;
				CLANG_ENABLE_OBJC_WEAK = YES;
				CLANG_WARN_BLOCK_CAPTURE_AUTORELEASING = YES;
				CLANG_WARN_BOOL_CONVERSION = YES;
				CLANG_WARN_COMMA = YES;
				CLANG_WARN_CONSTANT_CONVERSION = YES;
				CLANG_WARN_DEPRECATED_OBJC_IMPLEMENTATIONS = YES;
				CLANG_WARN_DIRECT_OBJC_ISA_USAGE = YES_ERROR;
				CLANG_WARN_DOCUMENTATION_COMMENTS = YES;
				CLANG_WARN_EMPTY_BODY = YES;
				CLANG_WARN_ENUM_CONVERSION = YES;
				CLANG_WARN_INFINITE_RECURSION = YES;
				CLANG_WARN_INT_CONVERSION = YES;
				CLANG_WARN_NON_LITERAL_NULL_CONVERSION = YES;
				CLANG_WARN_OBJC_IMPLICIT_RETAIN_SELF = YES;
				CLANG_WARN_OBJC_LITERAL_CONVERSION = YES;
				CLANG_WARN_OBJC_ROOT_CLASS = YES_ERROR;
				CLANG_WARN_QUOTED_INCLUDE_IN_FRAMEWORK_HEADER = YES;
				CLANG_WARN_RANGE_LOOP_ANALYSIS = YES;
				CLANG_WARN_STRICT_PROTOTYPES = YES;
				CLANG_WARN_SUSPICIOUS_MOVE = YES;
				CLANG_WARN_UNGUARDED_AVAILABILITY = YES_AGGRESSIVE;
				CLANG_WARN_UNREACHABLE_CODE = YES;
				CLANG_WARN__DUPLICATE_METHOD_MATCH = YES;
				COPY_PHASE_STRIP = NO;
				DEBUG_INFORMATION_FORMAT = dwarf;
				ENABLE_STRICT_OBJC_MSGSEND = YES;
				ENABLE_TESTABILITY = YES;
				GCC_C_LANGUAGE_STANDARD = gnu11;
				GCC_DYNAMIC_NO_PIC = NO;
				GCC_NO_COMMON_BLOCKS = YES;
				GCC_OPTIMIZATION_LEVEL = 0;
				GCC_PREPROCESSOR_DEFINITIONS = (
					"DEBUG=1",
					"$(inherited)",
				);
				GCC_WARN_64_TO_32_BIT_CONVERSION = YES;
				GCC_WARN_ABOUT_RETURN_TYPE = YES_ERROR;
				GCC_WARN_UNDECLARED_SELECTOR = YES;
				GCC_WARN_UNINITIALIZED_AUTOS = YES_AGGRESSIVE;
				GCC_WARN_UNUSED_FUNCTION = YES;
				GCC_WARN_UNUSED_VARIABLE = YES;
				IPHONEOS_DEPLOYMENT_TARGET = 15.4;
				MTL_ENABLE_DEBUG_INFO = INCLUDE_SOURCE;
				MTL_FAST_MATH = YES;
				ONLY_ACTIVE_ARCH = YES;
				SDKROOT = iphoneos;
				SWIFT_ACTIVE_COMPILATION_CONDITIONS = DEBUG;
				SWIFT_OPTIMIZATION_LEVEL = "-Onone";
			};
			name = Debug;
		};
		A0755022280676D500E5A8D0 /* Release */ = {
			isa = XCBuildConfiguration;
			buildSettings = {
				ALWAYS_SEARCH_USER_PATHS = NO;
				CLANG_ANALYZER_NONNULL = YES;
				CLANG_ANALYZER_NUMBER_OBJECT_CONVERSION = YES_AGGRESSIVE;
				CLANG_CXX_LANGUAGE_STANDARD = "gnu++17";
				CLANG_ENABLE_MODULES = YES;
				CLANG_ENABLE_OBJC_ARC = YES;
				CLANG_ENABLE_OBJC_WEAK = YES;
				CLANG_WARN_BLOCK_CAPTURE_AUTORELEASING = YES;
				CLANG_WARN_BOOL_CONVERSION = YES;
				CLANG_WARN_COMMA = YES;
				CLANG_WARN_CONSTANT_CONVERSION = YES;
				CLANG_WARN_DEPRECATED_OBJC_IMPLEMENTATIONS = YES;
				CLANG_WARN_DIRECT_OBJC_ISA_USAGE = YES_ERROR;
				CLANG_WARN_DOCUMENTATION_COMMENTS = YES;
				CLANG_WARN_EMPTY_BODY = YES;
				CLANG_WARN_ENUM_CONVERSION = YES;
				CLANG_WARN_INFINITE_RECURSION = YES;
				CLANG_WARN_INT_CONVERSION = YES;
				CLANG_WARN_NON_LITERAL_NULL_CONVERSION = YES;
				CLANG_WARN_OBJC_IMPLICIT_RETAIN_SELF = YES;
				CLANG_WARN_OBJC_LITERAL_CONVERSION = YES;
				CLANG_WARN_OBJC_ROOT_CLASS = YES_ERROR;
				CLANG_WARN_QUOTED_INCLUDE_IN_FRAMEWORK_HEADER = YES;
				CLANG_WARN_RANGE_LOOP_ANALYSIS = YES;
				CLANG_WARN_STRICT_PROTOTYPES = YES;
				CLANG_WARN_SUSPICIOUS_MOVE = YES;
				CLANG_WARN_UNGUARDED_AVAILABILITY = YES_AGGRESSIVE;
				CLANG_WARN_UNREACHABLE_CODE = YES;
				CLANG_WARN__DUPLICATE_METHOD_MATCH = YES;
				COPY_PHASE_STRIP = NO;
				DEBUG_INFORMATION_FORMAT = "dwarf-with-dsym";
				ENABLE_NS_ASSERTIONS = NO;
				ENABLE_STRICT_OBJC_MSGSEND = YES;
				GCC_C_LANGUAGE_STANDARD = gnu11;
				GCC_NO_COMMON_BLOCKS = YES;
				GCC_WARN_64_TO_32_BIT_CONVERSION = YES;
				GCC_WARN_ABOUT_RETURN_TYPE = YES_ERROR;
				GCC_WARN_UNDECLARED_SELECTOR = YES;
				GCC_WARN_UNINITIALIZED_AUTOS = YES_AGGRESSIVE;
				GCC_WARN_UNUSED_FUNCTION = YES;
				GCC_WARN_UNUSED_VARIABLE = YES;
				IPHONEOS_DEPLOYMENT_TARGET = 15.4;
				MTL_ENABLE_DEBUG_INFO = NO;
				MTL_FAST_MATH = YES;
				SDKROOT = iphoneos;
				SWIFT_COMPILATION_MODE = wholemodule;
				SWIFT_OPTIMIZATION_LEVEL = "-O";
				VALIDATE_PRODUCT = YES;
			};
			name = Release;
		};
		A0755024280676D500E5A8D0 /* Debug */ = {
			isa = XCBuildConfiguration;
			buildSettings = {
				ASSETCATALOG_COMPILER_APPICON_NAME = AppIcon;
				ASSETCATALOG_COMPILER_GLOBAL_ACCENT_COLOR_NAME = AccentColor;
				CODE_SIGN_STYLE = Automatic;
				CURRENT_PROJECT_VERSION = 1;
				DEVELOPMENT_ASSET_PATHS = "\"Landmarks/Preview Content\"";
				DEVELOPMENT_TEAM = HM9J3DG5MT;
				ENABLE_PREVIEWS = YES;
				GENERATE_INFOPLIST_FILE = YES;
				INFOPLIST_KEY_UIApplicationSceneManifest_Generation = YES;
				INFOPLIST_KEY_UIApplicationSupportsIndirectInputEvents = YES;
				INFOPLIST_KEY_UILaunchScreen_Generation = YES;
				INFOPLIST_KEY_UISupportedInterfaceOrientations_iPad = "UIInterfaceOrientationPortrait UIInterfaceOrientationPortraitUpsideDown UIInterfaceOrientationLandscapeLeft UIInterfaceOrientationLandscapeRight";
				INFOPLIST_KEY_UISupportedInterfaceOrientations_iPhone = "UIInterfaceOrientationPortrait UIInterfaceOrientationLandscapeLeft UIInterfaceOrientationLandscapeRight";
				LD_RUNPATH_SEARCH_PATHS = (
					"$(inherited)",
					"@executable_path/Frameworks",
				);
				MARKETING_VERSION = 1.0;
				PRODUCT_BUNDLE_IDENTIFIER = com.soduma.Landmarks;
				PRODUCT_NAME = "$(TARGET_NAME)";
				SWIFT_EMIT_LOC_STRINGS = YES;
				SWIFT_VERSION = 5.0;
				TARGETED_DEVICE_FAMILY = "1,2";
			};
			name = Debug;
		};
		A0755025280676D500E5A8D0 /* Release */ = {
			isa = XCBuildConfiguration;
			buildSettings = {
				ASSETCATALOG_COMPILER_APPICON_NAME = AppIcon;
				ASSETCATALOG_COMPILER_GLOBAL_ACCENT_COLOR_NAME = AccentColor;
				CODE_SIGN_STYLE = Automatic;
				CURRENT_PROJECT_VERSION = 1;
				DEVELOPMENT_ASSET_PATHS = "\"Landmarks/Preview Content\"";
				DEVELOPMENT_TEAM = HM9J3DG5MT;
				ENABLE_PREVIEWS = YES;
				GENERATE_INFOPLIST_FILE = YES;
				INFOPLIST_KEY_UIApplicationSceneManifest_Generation = YES;
				INFOPLIST_KEY_UIApplicationSupportsIndirectInputEvents = YES;
				INFOPLIST_KEY_UILaunchScreen_Generation = YES;
				INFOPLIST_KEY_UISupportedInterfaceOrientations_iPad = "UIInterfaceOrientationPortrait UIInterfaceOrientationPortraitUpsideDown UIInterfaceOrientationLandscapeLeft UIInterfaceOrientationLandscapeRight";
				INFOPLIST_KEY_UISupportedInterfaceOrientations_iPhone = "UIInterfaceOrientationPortrait UIInterfaceOrientationLandscapeLeft UIInterfaceOrientationLandscapeRight";
				LD_RUNPATH_SEARCH_PATHS = (
					"$(inherited)",
					"@executable_path/Frameworks",
				);
				MARKETING_VERSION = 1.0;
				PRODUCT_BUNDLE_IDENTIFIER = com.soduma.Landmarks;
				PRODUCT_NAME = "$(TARGET_NAME)";
				SWIFT_EMIT_LOC_STRINGS = YES;
				SWIFT_VERSION = 5.0;
				TARGETED_DEVICE_FAMILY = "1,2";
			};
			name = Release;
		};
/* End XCBuildConfiguration section */

/* Begin XCConfigurationList section */
		A0755010280676D400E5A8D0 /* Build configuration list for PBXProject "Landmarks" */ = {
			isa = XCConfigurationList;
			buildConfigurations = (
				A0755021280676D500E5A8D0 /* Debug */,
				A0755022280676D500E5A8D0 /* Release */,
			);
			defaultConfigurationIsVisible = 0;
			defaultConfigurationName = Release;
		};
		A0755023280676D500E5A8D0 /* Build configuration list for PBXNativeTarget "Landmarks" */ = {
			isa = XCConfigurationList;
			buildConfigurations = (
				A0755024280676D500E5A8D0 /* Debug */,
				A0755025280676D500E5A8D0 /* Release */,
			);
			defaultConfigurationIsVisible = 0;
			defaultConfigurationName = Release;
		};
/* End XCConfigurationList section */
	};
	rootObject = A075500D280676D400E5A8D0 /* Project object */;
}
